
Microsoft Visual Studio Solution File, Format Version 12.00
# Visual Studio Version 17
VisualStudioVersion = 17.5.33530.505
MinimumVisualStudioVersion = 10.0.40219.1
Project("{FAE04EC0-301F-11D3-BF4B-00C04F79EFBC}") = "OOP", "OOP\OOP.csproj", "{0E55EFF9-BE5C-49B0-8A03-709E038BEF35}"
EndProject
Global
	GlobalSection(SolutionConfigurationPlatforms) = preSolution
		Debug|Any CPU = Debug|Any CPU
		Release|Any CPU = Release|Any CPU
	EndGlobalSection
	GlobalSection(ProjectConfigurationPlatforms) = postSolution
		{0E55EFF9-BE5C-49B0-8A03-709E038BEF35}.Debug|Any CPU.ActiveCfg = Debug|Any CPU
		{0E55EFF9-BE5C-49B0-8A03-709E038BEF35}.Debug|Any CPU.Build.0 = Debug|Any CPU
		{0E55EFF9-BE5C-49B0-8A03-709E038BEF35}.Release|Any CPU.ActiveCfg = Release|Any CPU
		{0E55EFF9-BE5C-49B0-8A03-709E038BEF35}.Release|Any CPU.Build.0 = Release|Any CPU
	EndGlobalSection
	GlobalSection(SolutionProperties) = preSolution
		HideSolutionNode = FALSE
	EndGlobalSection
	GlobalSection(ExtensibilityGlobals) = postSolution
		SolutionGuid = {0EFC5A4F-4AEB-4935-9DF0-EE8864842FCE}
	EndGlobalSection
EndGlobal
