
Microsoft Visual Studio Solution File, Format Version 12.00
# Visual Studio Version 17
VisualStudioVersion = 17.5.33530.505
MinimumVisualStudioVersion = 10.0.40219.1
Project("{FAE04EC0-301F-11D3-BF4B-00C04F79EFBC}") = "Inheritance2", "Inheritance2\Inheritance2.csproj", "{A398D20A-D4D0-43BA-906A-33A301766CC0}"
EndProject
Global
	GlobalSection(SolutionConfigurationPlatforms) = preSolution
		Debug|Any CPU = Debug|Any CPU
		Release|Any CPU = Release|Any CPU
	EndGlobalSection
	GlobalSection(ProjectConfigurationPlatforms) = postSolution
		{A398D20A-D4D0-43BA-906A-33A301766CC0}.Debug|Any CPU.ActiveCfg = Debug|Any CPU
		{A398D20A-D4D0-43BA-906A-33A301766CC0}.Debug|Any CPU.Build.0 = Debug|Any CPU
		{A398D20A-D4D0-43BA-906A-33A301766CC0}.Release|Any CPU.ActiveCfg = Release|Any CPU
		{A398D20A-D4D0-43BA-906A-33A301766CC0}.Release|Any CPU.Build.0 = Release|Any CPU
	EndGlobalSection
	GlobalSection(SolutionProperties) = preSolution
		HideSolutionNode = FALSE
	EndGlobalSection
	GlobalSection(ExtensibilityGlobals) = postSolution
		SolutionGuid = {33490355-F1F3-4A15-AEBE-AE6313E470F7}
	EndGlobalSection
EndGlobal
