
Microsoft Visual Studio Solution File, Format Version 12.00
# Visual Studio Version 17
VisualStudioVersion = 17.5.33530.505
MinimumVisualStudioVersion = 10.0.40219.1
Project("{FAE04EC0-301F-11D3-BF4B-00C04F79EFBC}") = "Enum_homework", "Enum_homework\Enum_homework.csproj", "{AB396C9B-DC7E-4D8C-8496-06357A14118F}"
EndProject
Global
	GlobalSection(SolutionConfigurationPlatforms) = preSolution
		Debug|Any CPU = Debug|Any CPU
		Release|Any CPU = Release|Any CPU
	EndGlobalSection
	GlobalSection(ProjectConfigurationPlatforms) = postSolution
		{AB396C9B-DC7E-4D8C-8496-06357A14118F}.Debug|Any CPU.ActiveCfg = Debug|Any CPU
		{AB396C9B-DC7E-4D8C-8496-06357A14118F}.Debug|Any CPU.Build.0 = Debug|Any CPU
		{AB396C9B-DC7E-4D8C-8496-06357A14118F}.Release|Any CPU.ActiveCfg = Release|Any CPU
		{AB396C9B-DC7E-4D8C-8496-06357A14118F}.Release|Any CPU.Build.0 = Release|Any CPU
	EndGlobalSection
	GlobalSection(SolutionProperties) = preSolution
		HideSolutionNode = FALSE
	EndGlobalSection
	GlobalSection(ExtensibilityGlobals) = postSolution
		SolutionGuid = {B4AAEC6B-6770-41DB-82F9-9D83B7C1ADA2}
	EndGlobalSection
EndGlobal
