
Microsoft Visual Studio Solution File, Format Version 12.00
# Visual Studio Version 17
VisualStudioVersion = 17.5.33530.505
MinimumVisualStudioVersion = 10.0.40219.1
Project("{FAE04EC0-301F-11D3-BF4B-00C04F79EFBC}") = "Inheritance_classwork", "Inheritance_classwork\Inheritance_classwork.csproj", "{38D74A59-AE06-406E-AE7B-24557BE58FBD}"
EndProject
Global
	GlobalSection(SolutionConfigurationPlatforms) = preSolution
		Debug|Any CPU = Debug|Any CPU
		Release|Any CPU = Release|Any CPU
	EndGlobalSection
	GlobalSection(ProjectConfigurationPlatforms) = postSolution
		{38D74A59-AE06-406E-AE7B-24557BE58FBD}.Debug|Any CPU.ActiveCfg = Debug|Any CPU
		{38D74A59-AE06-406E-AE7B-24557BE58FBD}.Debug|Any CPU.Build.0 = Debug|Any CPU
		{38D74A59-AE06-406E-AE7B-24557BE58FBD}.Release|Any CPU.ActiveCfg = Release|Any CPU
		{38D74A59-AE06-406E-AE7B-24557BE58FBD}.Release|Any CPU.Build.0 = Release|Any CPU
	EndGlobalSection
	GlobalSection(SolutionProperties) = preSolution
		HideSolutionNode = FALSE
	EndGlobalSection
	GlobalSection(ExtensibilityGlobals) = postSolution
		SolutionGuid = {BC6CA901-7C86-4DB6-9330-7374859F22F4}
	EndGlobalSection
EndGlobal
